
Microsoft Visual Studio Solution File, Format Version 12.00
# Visual Studio Version 17
VisualStudioVersion = 17.10.34928.147
MinimumVisualStudioVersion = 10.0.40219.1
Project("{FAE04EC0-301F-11D3-BF4B-00C04F79EFBC}") = "NUnit Class", "NUnit Class.csproj", "{2C1864E1-1E0E-4EFE-983C-9679E1ADF2D4}"
EndProject
Project("{FAE04EC0-301F-11D3-BF4B-00C04F79EFBC}") = "TestClassBala", "..\TestClassBala\TestClassBala.csproj", "{5A3C029B-9041-4BAE-B502-29977E224B61}"
EndProject
Global
	GlobalSection(SolutionConfigurationPlatforms) = preSolution
		Debug|Any CPU = Debug|Any CPU
		Release|Any CPU = Release|Any CPU
	EndGlobalSection
	GlobalSection(ProjectConfigurationPlatforms) = postSolution
		{2C1864E1-1E0E-4EFE-983C-9679E1ADF2D4}.Debug|Any CPU.ActiveCfg = Debug|Any CPU
		{2C1864E1-1E0E-4EFE-983C-9679E1ADF2D4}.Debug|Any CPU.Build.0 = Debug|Any CPU
		{2C1864E1-1E0E-4EFE-983C-9679E1ADF2D4}.Release|Any CPU.ActiveCfg = Release|Any CPU
		{2C1864E1-1E0E-4EFE-983C-9679E1ADF2D4}.Release|Any CPU.Build.0 = Release|Any CPU
		{5A3C029B-9041-4BAE-B502-29977E224B61}.Debug|Any CPU.ActiveCfg = Debug|Any CPU
		{5A3C029B-9041-4BAE-B502-29977E224B61}.Debug|Any CPU.Build.0 = Debug|Any CPU
		{5A3C029B-9041-4BAE-B502-29977E224B61}.Release|Any CPU.ActiveCfg = Release|Any CPU
		{5A3C029B-9041-4BAE-B502-29977E224B61}.Release|Any CPU.Build.0 = Release|Any CPU
	EndGlobalSection
	GlobalSection(SolutionProperties) = preSolution
		HideSolutionNode = FALSE
	EndGlobalSection
	GlobalSection(ExtensibilityGlobals) = postSolution
		SolutionGuid = {25A69058-2CCC-4815-8BE0-921FB9015F5B}
	EndGlobalSection
EndGlobal
